
Microsoft Visual Studio Solution File, Format Version 12.00
# Visual Studio 14
VisualStudioVersion = 14.0.25420.1
MinimumVisualStudioVersion = 10.0.40219.1
Project("{FAE04EC0-301F-11D3-BF4B-00C04F79EFBC}") = "AchmeErrorSite", "AchmeErrorSite\AchmeErrorSite.csproj", "{10721DDE-F281-4B2C-ADE9-03C7B251286D}"
EndProject
Project("{2150E333-8FDC-42A3-9474-1A3956D46DE8}") = "git", "git", "{8BE7CF05-71F5-4936-A73C-D5C69460201D}"
	ProjectSection(SolutionItems) = preProject
		.gitattributes = .gitattributes
		.gitignore = .gitignore
	EndProjectSection
EndProject
Global
	GlobalSection(SolutionConfigurationPlatforms) = preSolution
		Debug|Any CPU = Debug|Any CPU
		Release|Any CPU = Release|Any CPU
	EndGlobalSection
	GlobalSection(ProjectConfigurationPlatforms) = postSolution
		{10721DDE-F281-4B2C-ADE9-03C7B251286D}.Debug|Any CPU.ActiveCfg = Debug|Any CPU
		{10721DDE-F281-4B2C-ADE9-03C7B251286D}.Debug|Any CPU.Build.0 = Debug|Any CPU
		{10721DDE-F281-4B2C-ADE9-03C7B251286D}.Release|Any CPU.ActiveCfg = Release|Any CPU
		{10721DDE-F281-4B2C-ADE9-03C7B251286D}.Release|Any CPU.Build.0 = Release|Any CPU
	EndGlobalSection
	GlobalSection(SolutionProperties) = preSolution
		HideSolutionNode = FALSE
	EndGlobalSection
EndGlobal
